
Microsoft Visual Studio Solution File, Format Version 12.00
Project("{FAE04EC0-301F-11D3-BF4B-00C04F79EFBC}") = "GameStoreProject", "GameStoreProject\GameStoreProject.csproj", "{A5A1DFA1-5CCF-4A92-8AE1-18C52F5F82D3}"
EndProject
Global
	GlobalSection(SolutionConfigurationPlatforms) = preSolution
		Debug|Any CPU = Debug|Any CPU
		Release|Any CPU = Release|Any CPU
	EndGlobalSection
	GlobalSection(ProjectConfigurationPlatforms) = postSolution
		{A5A1DFA1-5CCF-4A92-8AE1-18C52F5F82D3}.Debug|Any CPU.ActiveCfg = Debug|Any CPU
		{A5A1DFA1-5CCF-4A92-8AE1-18C52F5F82D3}.Debug|Any CPU.Build.0 = Debug|Any CPU
		{A5A1DFA1-5CCF-4A92-8AE1-18C52F5F82D3}.Release|Any CPU.ActiveCfg = Release|Any CPU
		{A5A1DFA1-5CCF-4A92-8AE1-18C52F5F82D3}.Release|Any CPU.Build.0 = Release|Any CPU
	EndGlobalSection
EndGlobal
