
Microsoft Visual Studio Solution File, Format Version 12.00
Project("{FAE04EC0-301F-11D3-BF4B-00C04F79EFBC}") = "LogAnalizerClient", "LogAnalizerClient\LogAnalizerClient.csproj", "{4F9A7190-6535-4EF2-9E6B-2337566789CE}"
EndProject
Project("{FAE04EC0-301F-11D3-BF4B-00C04F79EFBC}") = "LogAnalizerShared", "LogAnalizerShared\LogAnalizerShared.csproj", "{E9864166-A027-4FCF-B04A-81B144474442}"
EndProject
Global
	GlobalSection(SolutionConfigurationPlatforms) = preSolution
		Debug|Any CPU = Debug|Any CPU
		Release|Any CPU = Release|Any CPU
	EndGlobalSection
	GlobalSection(ProjectConfigurationPlatforms) = postSolution
		{4F9A7190-6535-4EF2-9E6B-2337566789CE}.Debug|Any CPU.ActiveCfg = Debug|Any CPU
		{4F9A7190-6535-4EF2-9E6B-2337566789CE}.Debug|Any CPU.Build.0 = Debug|Any CPU
		{4F9A7190-6535-4EF2-9E6B-2337566789CE}.Release|Any CPU.ActiveCfg = Release|Any CPU
		{4F9A7190-6535-4EF2-9E6B-2337566789CE}.Release|Any CPU.Build.0 = Release|Any CPU
		{E9864166-A027-4FCF-B04A-81B144474442}.Debug|Any CPU.ActiveCfg = Debug|Any CPU
		{E9864166-A027-4FCF-B04A-81B144474442}.Debug|Any CPU.Build.0 = Debug|Any CPU
		{E9864166-A027-4FCF-B04A-81B144474442}.Release|Any CPU.ActiveCfg = Release|Any CPU
		{E9864166-A027-4FCF-B04A-81B144474442}.Release|Any CPU.Build.0 = Release|Any CPU
	EndGlobalSection
EndGlobal
